
Microsoft Visual Studio Solution File, Format Version 12.00
# Visual Studio Version 17
VisualStudioVersion = 17.14.37314.3 d17.14
MinimumVisualStudioVersion = 10.0.40219.1
Project("{FAE04EC0-301F-11D3-BF4B-00C04F79EFBC}") = "TestProject1", "TestProject1.csproj", "{90E7CB2A-CCA9-4E43-8DE0-C66DC51EBB2D}"
EndProject
Global
	GlobalSection(SolutionConfigurationPlatforms) = preSolution
		Debug|Any CPU = Debug|Any CPU
		Release|Any CPU = Release|Any CPU
	EndGlobalSection
	GlobalSection(ProjectConfigurationPlatforms) = postSolution
		{90E7CB2A-CCA9-4E43-8DE0-C66DC51EBB2D}.Debug|Any CPU.ActiveCfg = Debug|Any CPU
		{90E7CB2A-CCA9-4E43-8DE0-C66DC51EBB2D}.Debug|Any CPU.Build.0 = Debug|Any CPU
		{90E7CB2A-CCA9-4E43-8DE0-C66DC51EBB2D}.Release|Any CPU.ActiveCfg = Release|Any CPU
		{90E7CB2A-CCA9-4E43-8DE0-C66DC51EBB2D}.Release|Any CPU.Build.0 = Release|Any CPU
	EndGlobalSection
	GlobalSection(SolutionProperties) = preSolution
		HideSolutionNode = FALSE
	EndGlobalSection
	GlobalSection(ExtensibilityGlobals) = postSolution
		SolutionGuid = {1A7866D4-AF13-4817-89D9-F24E7AA5E416}
	EndGlobalSection
EndGlobal
